
Microsoft Visual Studio Solution File, Format Version 12.00
Project("{FAE04EC0-301F-11D3-BF4B-00C04F79EFBC}") = "PC_1819i_S3", "PC_1819i_S3\PC_1819i_S3.csproj", "{1CF751C2-3C19-41DD-BBBA-D67AB9710740}"
EndProject
Global
	GlobalSection(SolutionConfigurationPlatforms) = preSolution
		Debug|Any CPU = Debug|Any CPU
		Release|Any CPU = Release|Any CPU
	EndGlobalSection
	GlobalSection(ProjectConfigurationPlatforms) = postSolution
		{1CF751C2-3C19-41DD-BBBA-D67AB9710740}.Debug|Any CPU.ActiveCfg = Debug|Any CPU
		{1CF751C2-3C19-41DD-BBBA-D67AB9710740}.Debug|Any CPU.Build.0 = Debug|Any CPU
		{1CF751C2-3C19-41DD-BBBA-D67AB9710740}.Release|Any CPU.ActiveCfg = Release|Any CPU
		{1CF751C2-3C19-41DD-BBBA-D67AB9710740}.Release|Any CPU.Build.0 = Release|Any CPU
	EndGlobalSection
EndGlobal
